// !$*UTF8*$!
{
	archiveVersion = 1;
	classes = {
	};
	objectVersion = 46;
	objects = {

/* Begin PBXBuildFile section */
		EF658AD41BC3148D00785694 /* AppDelegate.swift in Sources */ = {isa = PBXBuildFile; fileRef = EF658AD31BC3148D00785694 /* AppDelegate.swift */; };
		EF658AD61BC3148D00785694 /* ViewController.swift in Sources */ = {isa = PBXBuildFile; fileRef = EF658AD51BC3148D00785694 /* ViewController.swift */; };
		EF658AD91BC3148D00785694 /* Main.storyboard in Resources */ = {isa = PBXBuildFile; fileRef = EF658AD71BC3148D00785694 /* Main.storyboard */; };
		EF658ADB1BC3148D00785694 /* Assets.xcassets in Resources */ = {isa = PBXBuildFile; fileRef = EF658ADA1BC3148D00785694 /* Assets.xcassets */; };
		EF658ADE1BC3148D00785694 /* LaunchScreen.storyboard in Resources */ = {isa = PBXBuildFile; fileRef = EF658ADC1BC3148D00785694 /* LaunchScreen.storyboard */; };
		EF658AE91BC3148D00785694 /* helloTests.swift in Sources */ = {isa = PBXBuildFile; fileRef = EF658AE81BC3148D00785694 /* helloTests.swift */; };
		EF658AF41BC3148D00785694 /* helloUITests.swift in Sources */ = {isa = PBXBuildFile; fileRef = EF658AF31BC3148D00785694 /* helloUITests.swift */; };
/* End PBXBuildFile section */

/* Begin PBXContainerItemProxy section */
		EF658AE51BC3148D00785694 /* PBXContainerItemProxy */ = {
			isa = PBXContainerItemProxy;
			containerPortal = EF658AC81BC3148D00785694 /* Project object */;
			proxyType = 1;
			remoteGlobalIDString = EF658ACF1BC3148D00785694;
			remoteInfo = hello;
		};
		EF658AF01BC3148D00785694 /* PBXContainerItemProxy */ = {
			isa = PBXContainerItemProxy;
			containerPortal = EF658AC81BC3148D00785694 /* Project object */;
			proxyType = 1;
			remoteGlobalIDString = EF658ACF1BC3148D00785694;
			remoteInfo = hello;
		};
/* End PBXContainerItemProxy section */

/* Begin PBXFileReference section */
		EF658AD01BC3148D00785694 /* hello.app */ = {isa = PBXFileReference; explicitFileType = wrapper.application; includeInIndex = 0; path = hello.app; sourceTree = BUILT_PRODUCTS_DIR; };
		EF658AD31BC3148D00785694 /* AppDelegate.swift */ = {isa = PBXFileReference; lastKnownFileType = sourcecode.swift; path = AppDelegate.swift; sourceTree = "<group>"; };
		EF658AD51BC3148D00785694 /* ViewController.swift */ = {isa = PBXFileReference; lastKnownFileType = sourcecode.swift; path = ViewController.swift; sourceTree = "<group>"; };
		EF658AD81BC3148D00785694 /* Base */ = {isa = PBXFileReference; lastKnownFileType = file.storyboard; name = Base; path = Base.lproj/Main.storyboard; sourceTree = "<group>"; };
		EF658ADA1BC3148D00785694 /* Assets.xcassets */ = {isa = PBXFileReference; lastKnownFileType = folder.assetcatalog; path = Assets.xcassets; sourceTree = "<group>"; };
		EF658ADD1BC3148D00785694 /* Base */ = {isa = PBXFileReference; lastKnownFileType = file.storyboard; name = Base; path = Base.lproj/LaunchScreen.storyboard; sourceTree = "<group>"; };
		EF658ADF1BC3148D00785694 /* Info.plist */ = {isa = PBXFileReference; lastKnownFileType = text.plist.xml; path = Info.plist; sourceTree = "<group>"; };
		EF658AE41BC3148D00785694 /* helloTests.xctest */ = {isa = PBXFileReference; explicitFileType = wrapper.cfbundle; includeInIndex = 0; path = helloTests.xctest; sourceTree = BUILT_PRODUCTS_DIR; };
		EF658AE81BC3148D00785694 /* helloTests.swift */ = {isa = PBXFileReference; lastKnownFileType = sourcecode.swift; path = helloTests.swift; sourceTree = "<group>"; };
		EF658AEA1BC3148D00785694 /* Info.plist */ = {isa = PBXFileReference; lastKnownFileType = text.plist.xml; path = Info.plist; sourceTree = "<group>"; };
		EF658AEF1BC3148D00785694 /* helloUITests.xctest */ = {isa = PBXFileReference; explicitFileType = wrapper.cfbundle; includeInIndex = 0; path = helloUITests.xctest; sourceTree = BUILT_PRODUCTS_DIR; };
		EF658AF31BC3148D00785694 /* helloUITests.swift */ = {isa = PBXFileReference; lastKnownFileType = sourcecode.swift; path = helloUITests.swift; sourceTree = "<group>"; };
		EF658AF51BC3148D00785694 /* Info.plist */ = {isa = PBXFileReference; lastKnownFileType = text.plist.xml; path = Info.plist; sourceTree = "<group>"; };
/* End PBXFileReference section */

/* Begin PBXFrameworksBuildPhase section */
		EF658ACD1BC3148D00785694 /* Frameworks */ = {
			isa = PBXFrameworksBuildPhase;
			buildActionMask = 2147483647;
			files = (
			);
			runOnlyForDeploymentPostprocessing = 0;
		};
		EF658AE11BC3148D00785694 /* Frameworks */ = {
			isa = PBXFrameworksBuildPhase;
			buildActionMask = 2147483647;
			files = (
			);
			runOnlyForDeploymentPostprocessing = 0;
		};
		EF658AEC1BC3148D00785694 /* Frameworks */ = {
			isa = PBXFrameworksBuildPhase;
			buildActionMask = 2147483647;
			files = (
			);
			runOnlyForDeploymentPostprocessing = 0;
		};
/* End PBXFrameworksBuildPhase section */

/* Begin PBXGroup section */
		EF658AC71BC3148D00785694 = {
			isa = PBXGroup;
			children = (
				EF658AD21BC3148D00785694 /* hello */,
				EF658AE71BC3148D00785694 /* helloTests */,
				EF658AF21BC3148D00785694 /* helloUITests */,
				EF658AD11BC3148D00785694 /* Products */,
			);
			sourceTree = "<group>";
		};
		EF658AD11BC3148D00785694 /* Products */ = {
			isa = PBXGroup;
			children = (
				EF658AD01BC3148D00785694 /* hello.app */,
				EF658AE41BC3148D00785694 /* helloTests.xctest */,
				EF658AEF1BC3148D00785694 /* helloUITests.xctest */,
			);
			name = Products;
			sourceTree = "<group>";
		};
		EF658AD21BC3148D00785694 /* hello */ = {
			isa = PBXGroup;
			children = (
				EF658AD31BC3148D00785694 /* AppDelegate.swift */,
				EF658AD51BC3148D00785694 /* ViewController.swift */,
				EF658AD71BC3148D00785694 /* Main.storyboard */,
				EF658ADA1BC3148D00785694 /* Assets.xcassets */,
				EF658ADC1BC3148D00785694 /* LaunchScreen.storyboard */,
				EF658ADF1BC3148D00785694 /* Info.plist */,
			);
			path = hello;
			sourceTree = "<group>";
		};
		EF658AE71BC3148D00785694 /* helloTests */ = {
			isa = PBXGroup;
			children = (
				EF658AE81BC3148D00785694 /* helloTests.swift */,
				EF658AEA1BC3148D00785694 /* Info.plist */,
			);
			path = helloTests;
			sourceTree = "<group>";
		};
		EF658AF21BC3148D00785694 /* helloUITests */ = {
			isa = PBXGroup;
			children = (
				EF658AF31BC3148D00785694 /* helloUITests.swift */,
				EF658AF51BC3148D00785694 /* Info.plist */,
			);
			path = helloUITests;
			sourceTree = "<group>";
		};
/* End PBXGroup section */

/* Begin PBXNativeTarget section */
		EF658ACF1BC3148D00785694 /* hello */ = {
			isa = PBXNativeTarget;
			buildConfigurationList = EF658AF81BC3148D00785694 /* Build configuration list for PBXNativeTarget "hello" */;
			buildPhases = (
				EF658ACC1BC3148D00785694 /* Sources */,
				EF658ACD1BC3148D00785694 /* Frameworks */,
				EF658ACE1BC3148D00785694 /* Resources */,
			);
			buildRules = (
			);
			dependencies = (
			);
			name = hello;
			productName = hello;
			productReference = EF658AD01BC3148D00785694 /* hello.app */;
			productType = "com.apple.product-type.application";
		};
		EF658AE31BC3148D00785694 /* helloTests */ = {
			isa = PBXNativeTarget;
			buildConfigurationList = EF658AFB1BC3148D00785694 /* Build configuration list for PBXNativeTarget "helloTests" */;
			buildPhases = (
				EF658AE01BC3148D00785694 /* Sources */,
				EF658AE11BC3148D00785694 /* Frameworks */,
				EF658AE21BC3148D00785694 /* Resources */,
			);
			buildRules = (
			);
			dependencies = (
				EF658AE61BC3148D00785694 /* PBXTargetDependency */,
			);
			name = helloTests;
			productName = helloTests;
			productReference = EF658AE41BC3148D00785694 /* helloTests.xctest */;
			productType = "com.apple.product-type.bundle.unit-test";
		};
		EF658AEE1BC3148D00785694 /* helloUITests */ = {
			isa = PBXNativeTarget;
			buildConfigurationList = EF658AFE1BC3148D00785694 /* Build configuration list for PBXNativeTarget "helloUITests" */;
			buildPhases = (
				EF658AEB1BC3148D00785694 /* Sources */,
				EF658AEC1BC3148D00785694 /* Frameworks */,
				EF658AED1BC3148D00785694 /* Resources */,
			);
			buildRules = (
			);
			dependencies = (
				EF658AF11BC3148D00785694 /* PBXTargetDependency */,
			);
			name = helloUITests;
			productName = helloUITests;
			productReference = EF658AEF1BC3148D00785694 /* helloUITests.xctest */;
			productType = "com.apple.product-type.bundle.ui-testing";
		};
/* End PBXNativeTarget section */

/* Begin PBXProject section */
		EF658AC81BC3148D00785694 /* Project object */ = {
			isa = PBXProject;
			attributes = {
				LastUpgradeCheck = 0700;
				ORGANIZATIONNAME = "Derry Cheng";
				TargetAttributes = {
					EF658ACF1BC3148D00785694 = {
						CreatedOnToolsVersion = 7.0.1;
					};
					EF658AE31BC3148D00785694 = {
						CreatedOnToolsVersion = 7.0.1;
						TestTargetID = EF658ACF1BC3148D00785694;
					};
					EF658AEE1BC3148D00785694 = {
						CreatedOnToolsVersion = 7.0.1;
						TestTargetID = EF658ACF1BC3148D00785694;
					};
				};
			};
			buildConfigurationList = EF658ACB1BC3148D00785694 /* Build configuration list for PBXProject "hello" */;
			compatibilityVersion = "Xcode 3.2";
			developmentRegion = English;
			hasScannedForEncodings = 0;
			knownRegions = (
				en,
				Base,
			);
			mainGroup = EF658AC71BC3148D00785694;
			productRefGroup = EF658AD11BC3148D00785694 /* Products */;
			projectDirPath = "";
			projectRoot = "";
			targets = (
				EF658ACF1BC3148D00785694 /* hello */,
				EF658AE31BC3148D00785694 /* helloTests */,
				EF658AEE1BC3148D00785694 /* helloUITests */,
			);
		};
/* End PBXProject section */

/* Begin PBXResourcesBuildPhase section */
		EF658ACE1BC3148D00785694 /* Resources */ = {
			isa = PBXResourcesBuildPhase;
			buildActionMask = 2147483647;
			files = (
				EF658ADE1BC3148D00785694 /* LaunchScreen.storyboard in Resources */,
				EF658ADB1BC3148D00785694 /* Assets.xcassets in Resources */,
				EF658AD91BC3148D00785694 /* Main.storyboard in Resources */,
			);
			runOnlyForDeploymentPostprocessing = 0;
		};
		EF658AE21BC3148D00785694 /* Resources */ = {
			isa = PBXResourcesBuildPhase;
			buildActionMask = 2147483647;
			files = (
			);
			runOnlyForDeploymentPostprocessing = 0;
		};
		EF658AED1BC3148D00785694 /* Resources */ = {
			isa = PBXResourcesBuildPhase;
			buildActionMask = 2147483647;
			files = (
			);
			runOnlyForDeploymentPostprocessing = 0;
		};
/* End PBXResourcesBuildPhase section */

/* Begin PBXSourcesBuildPhase section */
		EF658ACC1BC3148D00785694 /* Sources */ = {
			isa = PBXSourcesBuildPhase;
			buildActionMask = 2147483647;
			files = (
				EF658AD61BC3148D00785694 /* ViewController.swift in Sources */,
				EF658AD41BC3148D00785694 /* AppDelegate.swift in Sources */,
			);
			runOnlyForDeploymentPostprocessing = 0;
		};
		EF658AE01BC3148D00785694 /* Sources */ = {
			isa = PBXSourcesBuildPhase;
			buildActionMask = 2147483647;
			files = (
				EF658AE91BC3148D00785694 /* helloTests.swift in Sources */,
			);
			runOnlyForDeploymentPostprocessing = 0;
		};
		EF658AEB1BC3148D00785694 /* Sources */ = {
			isa = PBXSourcesBuildPhase;
			buildActionMask = 2147483647;
			files = (
				EF658AF41BC3148D00785694 /* helloUITests.swift in Sources */,
			);
			runOnlyForDeploymentPostprocessing = 0;
		};
/* End PBXSourcesBuildPhase section */

/* Begin PBXTargetDependency section */
		EF658AE61BC3148D00785694 /* PBXTargetDependency */ = {
			isa = PBXTargetDependency;
			target = EF658ACF1BC3148D00785694 /* hello */;
			targetProxy = EF658AE51BC3148D00785694 /* PBXContainerItemProxy */;
		};
		EF658AF11BC3148D00785694 /* PBXTargetDependency */ = {
			isa = PBXTargetDependency;
			target = EF658ACF1BC3148D00785694 /* hello */;
			targetProxy = EF658AF01BC3148D00785694 /* PBXContainerItemProxy */;
		};
/* End PBXTargetDependency section */

/* Begin PBXVariantGroup section */
		EF658AD71BC3148D00785694 /* Main.storyboard */ = {
			isa = PBXVariantGroup;
			children = (
				EF658AD81BC3148D00785694 /* Base */,
			);
			name = Main.storyboard;
			sourceTree = "<group>";
		};
		EF658ADC1BC3148D00785694 /* LaunchScreen.storyboard */ = {
			isa = PBXVariantGroup;
			children = (
				EF658ADD1BC3148D00785694 /* Base */,
			);
			name = LaunchScreen.storyboard;
			sourceTree = "<group>";
		};
/* End PBXVariantGroup section */

/* Begin XCBuildConfiguration section */
		EF658AF61BC3148D00785694 /* Debug */ = {
			isa = XCBuildConfiguration;
			buildSettings = {
				ALWAYS_SEARCH_USER_PATHS = NO;
				CLANG_CXX_LANGUAGE_STANDARD = "gnu++0x";
				CLANG_CXX_LIBRARY = "libc++";
				CLANG_ENABLE_MODULES = YES;
				CLANG_ENABLE_OBJC_ARC = YES;
				CLANG_WARN_BOOL_CONVERSION = YES;
				CLANG_WARN_CONSTANT_CONVERSION = YES;
				CLANG_WARN_DIRECT_OBJC_ISA_USAGE = YES_ERROR;
				CLANG_WARN_EMPTY_BODY = YES;
				CLANG_WARN_ENUM_CONVERSION = YES;
				CLANG_WARN_INT_CONVERSION = YES;
				CLANG_WARN_OBJC_ROOT_CLASS = YES_ERROR;
				CLANG_WARN_UNREACHABLE_CODE = YES;
				CLANG_WARN__DUPLICATE_METHOD_MATCH = YES;
				"CODE_SIGN_IDENTITY[sdk=iphoneos*]" = "iPhone Developer";
				COPY_PHASE_STRIP = NO;
				DEBUG_INFORMATION_FORMAT = dwarf;
				ENABLE_STRICT_OBJC_MSGSEND = YES;
				ENABLE_TESTABILITY = YES;
				GCC_C_LANGUAGE_STANDARD = gnu99;
				GCC_DYNAMIC_NO_PIC = NO;
				GCC_NO_COMMON_BLOCKS = YES;
				GCC_OPTIMIZATION_LEVEL = 0;
				GCC_PREPROCESSOR_DEFINITIONS = (
					"DEBUG=1",
					"$(inherited)",
				);
				GCC_WARN_64_TO_32_BIT_CONVERSION = YES;
				GCC_WARN_ABOUT_RETURN_TYPE = YES_ERROR;
				GCC_WARN_UNDECLARED_SELECTOR = YES;
				GCC_WARN_UNINITIALIZED_AUTOS = YES_AGGRESSIVE;
				GCC_WARN_UNUSED_FUNCTION = YES;
				GCC_WARN_UNUSED_VARIABLE = YES;
				IPHONEOS_DEPLOYMENT_TARGET = 9.0;
				MTL_ENABLE_DEBUG_INFO = YES;
				ONLY_ACTIVE_ARCH = YES;
				SDKROOT = iphoneos;
				SWIFT_OPTIMIZATION_LEVEL = "-Onone";
				TARGETED_DEVICE_FAMILY = "1,2";
			};
			name = Debug;
		};
		EF658AF71BC3148D00785694 /* Release */ = {
			isa = XCBuildConfiguration;
			buildSettings = {
				ALWAYS_SEARCH_USER_PATHS = NO;
				CLANG_CXX_LANGUAGE_STANDARD = "gnu++0x";
				CLANG_CXX_LIBRARY = "libc++";
				CLANG_ENABLE_MODULES = YES;
				CLANG_ENABLE_OBJC_ARC = YES;
				CLANG_WARN_BOOL_CONVERSION = YES;
				CLANG_WARN_CONSTANT_CONVERSION = YES;
				CLANG_WARN_DIRECT_OBJC_ISA_USAGE = YES_ERROR;
				CLANG_WARN_EMPTY_BODY = YES;
				CLANG_WARN_ENUM_CONVERSION = YES;
				CLANG_WARN_INT_CONVERSION = YES;
				CLANG_WARN_OBJC_ROOT_CLASS = YES_ERROR;
				CLANG_WARN_UNREACHABLE_CODE = YES;
				CLANG_WARN__DUPLICATE_METHOD_MATCH = YES;
				"CODE_SIGN_IDENTITY[sdk=iphoneos*]" = "iPhone Developer";
				COPY_PHASE_STRIP = NO;
				DEBUG_INFORMATION_FORMAT = "dwarf-with-dsym";
				ENABLE_NS_ASSERTIONS = NO;
				ENABLE_STRICT_OBJC_MSGSEND = YES;
				GCC_C_LANGUAGE_STANDARD = gnu99;
				GCC_NO_COMMON_BLOCKS = YES;
				GCC_WARN_64_TO_32_BIT_CONVERSION = YES;
				GCC_WARN_ABOUT_RETURN_TYPE = YES_ERROR;
				GCC_WARN_UNDECLARED_SELECTOR = YES;
				GCC_WARN_UNINITIALIZED_AUTOS = YES_AGGRESSIVE;
				GCC_WARN_UNUSED_FUNCTION = YES;
				GCC_WARN_UNUSED_VARIABLE = YES;
				IPHONEOS_DEPLOYMENT_TARGET = 9.0;
				MTL_ENABLE_DEBUG_INFO = NO;
				SDKROOT = iphoneos;
				TARGETED_DEVICE_FAMILY = "1,2";
				VALIDATE_PRODUCT = YES;
			};
			name = Release;
		};
		EF658AF91BC3148D00785694 /* Debug */ = {
			isa = XCBuildConfiguration;
			buildSettings = {
				ASSETCATALOG_COMPILER_APPICON_NAME = AppIcon;
				INFOPLIST_FILE = hello/Info.plist;
				IPHONEOS_DEPLOYMENT_TARGET = 8.0;
				LD_RUNPATH_SEARCH_PATHS = "$(inherited) @executable_path/Frameworks";
				PRODUCT_BUNDLE_IDENTIFIER = edu.uw.derryc09.hello;
				PRODUCT_NAME = "$(TARGET_NAME)";
				TARGETED_DEVICE_FAMILY = "1,2";
			};
			name = Debug;
		};
		EF658AFA1BC3148D00785694 /* Release */ = {
			isa = XCBuildConfiguration;
			buildSettings = {
				ASSETCATALOG_COMPILER_APPICON_NAME = AppIcon;
				INFOPLIST_FILE = hello/Info.plist;
				IPHONEOS_DEPLOYMENT_TARGET = 8.0;
				LD_RUNPATH_SEARCH_PATHS = "$(inherited) @executable_path/Frameworks";
				PRODUCT_BUNDLE_IDENTIFIER = edu.uw.derryc09.hello;
				PRODUCT_NAME = "$(TARGET_NAME)";
				TARGETED_DEVICE_FAMILY = "1,2";
			};
			name = Release;
		};
		EF658AFC1BC3148D00785694 /* Debug */ = {
			isa = XCBuildConfiguration;
			buildSettings = {
				BUNDLE_LOADER = "$(TEST_HOST)";
				INFOPLIST_FILE = helloTests/Info.plist;
				LD_RUNPATH_SEARCH_PATHS = "$(inherited) @executable_path/Frameworks @loader_path/Frameworks";
				PRODUCT_BUNDLE_IDENTIFIER = edu.uw.derryc09.helloTests;
				PRODUCT_NAME = "$(TARGET_NAME)";
				TEST_HOST = "$(BUILT_PRODUCTS_DIR)/hello.app/hello";
			};
			name = Debug;
		};
		EF658AFD1BC3148D00785694 /* Release */ = {
			isa = XCBuildConfiguration;
			buildSettings = {
				BUNDLE_LOADER = "$(TEST_HOST)";
				INFOPLIST_FILE = helloTests/Info.plist;
				LD_RUNPATH_SEARCH_PATHS = "$(inherited) @executable_path/Frameworks @loader_path/Frameworks";
				PRODUCT_BUNDLE_IDENTIFIER = edu.uw.derryc09.helloTests;
				PRODUCT_NAME = "$(TARGET_NAME)";
				TEST_HOST = "$(BUILT_PRODUCTS_DIR)/hello.app/hello";
			};
			name = Release;
		};
		EF658AFF1BC3148D00785694 /* Debug */ = {
			isa = XCBuildConfiguration;
			buildSettings = {
				INFOPLIST_FILE = helloUITests/Info.plist;
				LD_RUNPATH_SEARCH_PATHS = "$(inherited) @executable_path/Frameworks @loader_path/Frameworks";
				PRODUCT_BUNDLE_IDENTIFIER = edu.uw.derryc09.helloUITests;
				PRODUCT_NAME = "$(TARGET_NAME)";
				TEST_TARGET_NAME = hello;
				USES_XCTRUNNER = YES;
			};
			name = Debug;
		};
		EF658B001BC3148D00785694 /* Release */ = {
			isa = XCBuildConfiguration;
			buildSettings = {
				INFOPLIST_FILE = helloUITests/Info.plist;
				LD_RUNPATH_SEARCH_PATHS = "$(inherited) @executable_path/Frameworks @loader_path/Frameworks";
				PRODUCT_BUNDLE_IDENTIFIER = edu.uw.derryc09.helloUITests;
				PRODUCT_NAME = "$(TARGET_NAME)";
				TEST_TARGET_NAME = hello;
				USES_XCTRUNNER = YES;
			};
			name = Release;
		};
/* End XCBuildConfiguration section */

/* Begin XCConfigurationList section */
		EF658ACB1BC3148D00785694 /* Build configuration list for PBXProject "hello" */ = {
			isa = XCConfigurationList;
			buildConfigurations = (
				EF658AF61BC3148D00785694 /* Debug */,
				EF658AF71BC3148D00785694 /* Release */,
			);
			defaultConfigurationIsVisible = 0;
			defaultConfigurationName = Release;
		};
		EF658AF81BC3148D00785694 /* Build configuration list for PBXNativeTarget "hello" */ = {
			isa = XCConfigurationList;
			buildConfigurations = (
				EF658AF91BC3148D00785694 /* Debug */,
				EF658AFA1BC3148D00785694 /* Release */,
			);
			defaultConfigurationIsVisible = 0;
		};
		EF658AFB1BC3148D00785694 /* Build configuration list for PBXNativeTarget "helloTests" */ = {
			isa = XCConfigurationList;
			buildConfigurations = (
				EF658AFC1BC3148D00785694 /* Debug */,
				EF658AFD1BC3148D00785694 /* Release */,
			);
			defaultConfigurationIsVisible = 0;
		};
		EF658AFE1BC3148D00785694 /* Build configuration list for PBXNativeTarget "helloUITests" */ = {
			isa = XCConfigurationList;
			buildConfigurations = (
				EF658AFF1BC3148D00785694 /* Debug */,
				EF658B001BC3148D00785694 /* Release */,
			);
			defaultConfigurationIsVisible = 0;
		};
/* End XCConfigurationList section */
	};
	rootObject = EF658AC81BC3148D00785694 /* Project object */;
}
